PODS:
  - Alamofire (4.9.1)
  - AlamofireImage (3.6.0):
    - Alamofire (~> 4.9)
  - Device.swift (1.2.2)
  - FacebookCore (0.9.0):
    - FBSDKCoreKit (~> 5.0)
  - FacebookLogin (0.9.0):
    - FacebookCore (~> 0.9.0)
    - FBSDKCoreKit (~> 5.0)
    - FBSDKLoginKit (~> 5.0)
  - FacebookShare (0.9.0):
    - FacebookCore (~> 0.9.0)
    - FBSDKCoreKit (~> 5.0)
    - FBSDKShareKit (~> 5.0)
  - FBSDKCoreKit (5.13.1):
    - FBSDKCoreKit/Basics (= 5.13.1)
    - FBSDKCoreKit/Core (= 5.13.1)
  - FBSDKCoreKit/Basics (5.13.1)
  - FBSDKCoreKit/Core (5.13.1):
    - FBSDKCoreKit/Basics
  - FBSDKLoginKit (5.13.1):
    - FBSDKLoginKit/Login (= 5.13.1)
  - FBSDKLoginKit/Login (5.13.1):
    - FBSDKCoreKit (~> 5.0)
  - FBSDKShareKit (5.13.1):
    - FBSDKShareKit/Share (= 5.13.1)
  - FBSDKShareKit/Share (5.13.1):
    - FBSDKCoreKit (~> 5.0)
  - OneSignal (2.12.3)
  - ReachabilitySwift (5.0.0)
  - SelectionDialog (3.0.0)
  - Socket.IO-Client-Swift (15.2.0):
    - Starscream (~> 3.1)
  - Starscream (3.1.1)
  - SwiftyJSON (5.0.0)
  - SwipeCellKit (2.7.1)
  - TRVideoView (0.1.4)
  - UIColor_Hex_Swift (5.1.0)

DEPENDENCIES:
  - Alamofire
  - AlamofireImage
  - Device.swift
  - FacebookCore
  - FacebookLogin
  - FacebookShare
  - OneSignal (< 3.0, >= 2.6.2)
  - ReachabilitySwift
  - SelectionDialog
  - Socket.IO-Client-Swift
  - SwiftyJSON
  - SwipeCellKit
  - TRVideoView
  - UIColor_Hex_Swift

SPEC REPOS:
  trunk:
    - Alamofire
    - AlamofireImage
    - Device.swift
    - FacebookCore
    - FacebookLogin
    - FacebookShare
    - FBSDKCoreKit
    - FBSDKLoginKit
    - FBSDKShareKit
    - OneSignal
    - ReachabilitySwift
    - SelectionDialog
    - Socket.IO-Client-Swift
    - Starscream
    - SwiftyJSON
    - SwipeCellKit
    - TRVideoView
    - UIColor_Hex_Swift

SPEC CHECKSUMS:
  Alamofire: 85e8a02c69d6020a0d734f6054870d7ecb75cf18
  AlamofireImage: be9963c6582d68b39e89191f64c82a7d7bf40fdd
  Device.swift: 3f93632bb3fa3e4ebb9b202563975177e17c4296
  FacebookCore: ba86524b66cfa86d0f8e65d08faa8504a9f732dd
  FacebookLogin: 6cee9fd6e1fe976fe8f7eec199e27b28b14f5d63
  FacebookShare: 85968ad1b1606c4944fb154924e425fd29184ea5
  FBSDKCoreKit: 8fb98209109fb684937f05d534305edb18c20207
  FBSDKLoginKit: c7c6ffd9ca9ea45aee32361840af040ad8f6706a
  FBSDKShareKit: 8a0e4d7172c7b706991c834cff2bf74e7b4726e3
  OneSignal: 30b6e03a1f14169c4313e301a7b7bdf467b5a575
  ReachabilitySwift: 985039c6f7b23a1da463388634119492ff86c825
  SelectionDialog: 9f4b63f2fc004f2b834a9980870a698f98516897
  Socket.IO-Client-Swift: 1e3e3a1f09f3312a167f0d781eb2f383d477357c
  Starscream: 4bb2f9942274833f7b4d296a55504dcfc7edb7b0
  SwiftyJSON: 36413e04c44ee145039d332b4f4e2d3e8d6c4db7
  SwipeCellKit: 3972254a826da74609926daf59b08d6c72e619ea
  TRVideoView: 00e2eaed3f19196956bb1ec61c875df6c0ea84dc
  UIColor_Hex_Swift: 8be7432edacb7fa91c78aa05ef3c30b66e4f9415

PODFILE CHECKSUM: 81c8c9c9c2dc6fd85e867065b75712cfdc438a90

COCOAPODS: 1.8.4
