PODS:
  - Alamofire (5.6.4)
  - AlamofireImage (4.2.0):
    - Alamofire (~> 5.4)
  - AssistantKit (0.7.1)
  - CryptoSwift (1.4.3)
  - Device.swift (1.2.2)
  - ECPayPaymentGatewayKit (1.0.5)
  - IQKeyboardManagerSwift (6.5.11)
  - JXBanner (0.3.6):
    - JXBanner/Banner (= 0.3.6)
    - JXBanner/PageControl (= 0.3.6)
  - JXBanner/Banner (0.3.6):
    - JXBanner/Banner/API (= 0.3.6)
    - JXBanner/Banner/Banner (= 0.3.6)
    - JXBanner/Banner/Cell (= 0.3.6)
    - JXBanner/Banner/Common (= 0.3.6)
    - JXBanner/Banner/Transform (= 0.3.6)
  - JXBanner/Banner/API (0.3.6):
    - JXBanner/Banner/Cell
    - JXBanner/PageControl
  - JXBanner/Banner/Banner (0.3.6):
    - JXBanner/Banner/API
    - JXBanner/Banner/Common
    - JXBanner/Banner/Transform
  - JXBanner/Banner/Cell (0.3.6)
  - JXBanner/Banner/Common (0.3.6)
  - JXBanner/Banner/Transform (0.3.6):
    - JXBanner/Banner/API
  - JXBanner/PageControl (0.3.6):
    - JXPageControl
  - JXPageControl (0.1.5):
    - JXPageControl/Common (= 0.1.5)
    - JXPageControl/Jump (= 0.1.5)
    - JXPageControl/Transform (= 0.1.5)
  - JXPageControl/Common (0.1.5)
  - JXPageControl/Jump (0.1.5):
    - JXPageControl/Common
  - JXPageControl/Transform (0.1.5):
    - JXPageControl/Common
  - KeychainSwift (16.0.1)
  - MercariQRScanner (1.9.0)
  - OneSignalXCFramework (3.12.5):
    - OneSignalXCFramework/OneSignalCore (= 3.12.5)
    - OneSignalXCFramework/OneSignalExtension (= 3.12.5)
    - OneSignalXCFramework/OneSignalOutcomes (= 3.12.5)
  - OneSignalXCFramework/OneSignalCore (3.12.5)
  - OneSignalXCFramework/OneSignalExtension (3.12.5):
    - OneSignalXCFramework/OneSignalCore
    - OneSignalXCFramework/OneSignalOutcomes
  - OneSignalXCFramework/OneSignalOutcomes (3.12.5):
    - OneSignalXCFramework/OneSignalCore
  - PromiseKit (6.8.5):
    - PromiseKit/CorePromise (= 6.8.5)
    - PromiseKit/Foundation (= 6.8.5)
    - PromiseKit/UIKit (= 6.8.5)
  - PromiseKit/CorePromise (6.8.5)
  - PromiseKit/Foundation (6.8.5):
    - PromiseKit/CorePromise
  - PromiseKit/UIKit (6.8.5):
    - PromiseKit/CorePromise
  - SCLAlertView (0.8)
  - SnapKit (5.6.0)
  - Socket.IO-Client-Swift (16.0.1):
    - Starscream (~> 4.0)
  - Starscream (4.0.4)
  - SwiftyJSON (4.2.0)
  - SwiftyXMLParser (5.5.0)
  - SwipeCellKit (2.7.1)
  - TRVideoView (0.1.5)
  - UIColor_Hex_Swift (5.1.9)
  - YouTubePlayer (0.7.2)

DEPENDENCIES:
  - Alamofire (~> 5.4)
  - AlamofireImage
  - AssistantKit
  - CryptoSwift (~> 1.4.1)
  - Device.swift
  - ECPayPaymentGatewayKit (~> 1.0.4)
  - IQKeyboardManagerSwift
  - JXBanner
  - KeychainSwift (~> 16.0)
  - MercariQRScanner
  - OneSignalXCFramework (< 4.0, >= 3.0.0)
  - PromiseKit (~> 6.8.3)
  - SCLAlertView
  - SnapKit (~> 5.6.0)
  - Socket.IO-Client-Swift
  - SwiftyJSON (~> 4.2.0)
  - SwiftyXMLParser (from `https://github.com/yahoojapan/SwiftyXMLParser.git`)
  - SwipeCellKit
  - TRVideoView
  - UIColor_Hex_Swift
  - YouTubePlayer

SPEC REPOS:
  trunk:
    - Alamofire
    - AlamofireImage
    - AssistantKit
    - CryptoSwift
    - Device.swift
    - ECPayPaymentGatewayKit
    - IQKeyboardManagerSwift
    - JXBanner
    - JXPageControl
    - KeychainSwift
    - MercariQRScanner
    - OneSignalXCFramework
    - PromiseKit
    - SCLAlertView
    - SnapKit
    - Socket.IO-Client-Swift
    - Starscream
    - SwiftyJSON
    - SwipeCellKit
    - TRVideoView
    - UIColor_Hex_Swift
    - YouTubePlayer

EXTERNAL SOURCES:
  SwiftyXMLParser:
    :git: https://github.com/yahoojapan/SwiftyXMLParser.git

CHECKOUT OPTIONS:
  SwiftyXMLParser:
    :commit: d7a1d23f04c86c1cd2e8f19247dd15d74e0ea8be
    :git: https://github.com/yahoojapan/SwiftyXMLParser.git

SPEC CHECKSUMS:
  Alamofire: 4e95d97098eacb88856099c4fc79b526a299e48c
  AlamofireImage: 34a2d90b0e5fe6a5605f85ae4b7b01e784c60192
  AssistantKit: 245d28aefcf3aeae240c8ecbe3c62714e3f1c6d4
  CryptoSwift: a0799ee936271bd2253a006f1e4523df21845000
  Device.swift: 3f93632bb3fa3e4ebb9b202563975177e17c4296
  ECPayPaymentGatewayKit: f11b3d42274d2e8150bd0e039b11ae3f0a115a89
  IQKeyboardManagerSwift: c7955c0bdbf7b2eb29bb7daaa44e3d90f55a9a85
  JXBanner: 348dbef856e786494cbf30fb45d6b84826f2d3c5
  JXPageControl: e9487b39e2e58fc17790833214f3b8e935bef98b
  KeychainSwift: 4209611373ca4a098e09b1e547eebd87c544dcc4
  MercariQRScanner: e5aea873969af59b09b4cc411fc1c5b6293dba44
  OneSignalXCFramework: 4afdd14f6fa769eadf141209037e3eac5890beb9
  PromiseKit: 9616b0afef31eae56ab9ce044c8ec2b8612a15cd
  SCLAlertView: 6a77bb2edfc65e04dbe57725546cb4107a506b85
  SnapKit: e01d52ebb8ddbc333eefe2132acf85c8227d9c25
  Socket.IO-Client-Swift: c116d6dc9fd6be9c259bacfe143f8725bce7d79e
  Starscream: 5178aed56b316f13fa3bc55694e583d35dd414d9
  SwiftyJSON: c4bcba26dd9ec7a027fc8eade48e2c911f229e96
  SwiftyXMLParser: 027d9e6fb54a38d95dccec025bcea9693f699c47
  SwipeCellKit: 3972254a826da74609926daf59b08d6c72e619ea
  TRVideoView: dc9617f61f7d3b207b2a5ad8afe401ef7c03e51e
  UIColor_Hex_Swift: 20cb4e8d51b63e168a9da6933bc5d39cd8fb4ab5
  YouTubePlayer: 2b5f2830d8f9b2cde942083211291e382c9e6bd5

PODFILE CHECKSUM: a705dfe3be0d07afd677c0a366b2a431192cd23a

COCOAPODS: 1.11.3
