PODS:
  - Alamofire (4.8.1)
  - AlamofireImage (3.5.0):
    - Alamofire (~> 4.8)
  - Bolts (1.9.0):
    - Bolts/AppLinks (= 1.9.0)
    - Bolts/Tasks (= 1.9.0)
  - Bolts/AppLinks (1.9.0):
    - Bolts/Tasks
  - Bolts/Tasks (1.9.0)
  - Device.swift (1.2.2)
  - FacebookCore (0.5.0):
    - Bolts (~> 1.9)
    - FBSDKCoreKit (~> 4.37)
  - FacebookLogin (0.5.0):
    - Bolts (~> 1.9)
    - FacebookCore (~> 0.5)
    - FBSDKCoreKit (~> 4.37)
    - FBSDKLoginKit (~> 4.37)
  - FacebookShare (0.5.0):
    - Bolts (~> 1.9)
    - FacebookCore (~> 0.5)
    - FBSDKCoreKit (~> 4.37)
    - FBSDKShareKit (~> 4.37)
  - FBSDKCoreKit (4.38.1):
    - Bolts (~> 1.9)
  - FBSDKLoginKit (4.38.1):
    - FBSDKCoreKit
  - FBSDKShareKit (4.38.1):
    - FBSDKCoreKit
  - OneSignal (2.9.5)
  - ReachabilitySwift (4.3.0)
  - Socket.IO-Client-Swift (14.0.0):
    - Starscream (~> 3.0.6)
  - Starscream (3.0.6)
  - SwiftyJSON (4.2.0)
  - SwipeCellKit (2.5.1)
  - TRVideoView (0.1.4)
  - UIColor_Hex_Swift (4.2.0)

DEPENDENCIES:
  - Alamofire
  - AlamofireImage
  - Device.swift
  - FacebookCore
  - FacebookLogin
  - FacebookShare
  - FBSDKCoreKit (~> 4.38.0)
  - FBSDKLoginKit (~> 4.38.0)
  - FBSDKShareKit (~> 4.38.0)
  - OneSignal (< 3.0, >= 2.5.2)
  - ReachabilitySwift
  - Socket.IO-Client-Swift
  - SwiftyJSON
  - SwipeCellKit
  - TRVideoView
  - UIColor_Hex_Swift

SPEC REPOS:
  https://github.com/CocoaPods/Specs.git:
    - Alamofire
    - AlamofireImage
    - Bolts
    - Device.swift
    - FacebookCore
    - FacebookLogin
    - FacebookShare
    - FBSDKCoreKit
    - FBSDKLoginKit
    - FBSDKShareKit
    - OneSignal
    - ReachabilitySwift
    - Socket.IO-Client-Swift
    - Starscream
    - SwiftyJSON
    - SwipeCellKit
    - TRVideoView
    - UIColor_Hex_Swift

SPEC CHECKSUMS:
  Alamofire: 16ce2c353fb72865124ddae8a57c5942388f4f11
  AlamofireImage: 1aea346f4dda2f6c67622fa5a89fcbb80d79cc16
  Bolts: ac6567323eac61e203f6a9763667d0f711be34c8
  Device.swift: 3f93632bb3fa3e4ebb9b202563975177e17c4296
  FacebookCore: 74288d0add931d361b1596beae787ab72c438249
  FacebookLogin: ebcf34714a1cb9f0759d9f071cfb01ed500996cf
  FacebookShare: 963b4bb1124a64a395b1e428163d70b5774116e8
  FBSDKCoreKit: 8d47857400e2f5bdea697a80daff882e91c84ef6
  FBSDKLoginKit: 4621c690d9dd8628031a4791497062183ea34b0d
  FBSDKShareKit: 6ffe22f0a0618eb7424d4104ab0ef3ce9643d42a
  OneSignal: ccdeb961882f8668305e5b694e2cb7cb325fc907
  ReachabilitySwift: 408477d1b6ed9779dba301953171e017c31241f3
  Socket.IO-Client-Swift: 21e6a8a23a7d367d5ddfab6cbbd3c679cf3c25d6
  Starscream: ef3ece99d765eeccb67de105bfa143f929026cf5
  SwiftyJSON: c4bcba26dd9ec7a027fc8eade48e2c911f229e96
  SwipeCellKit: 30fd6a4f8a8b8ac864ea389c8b4c8bac5ba5471a
  TRVideoView: 00e2eaed3f19196956bb1ec61c875df6c0ea84dc
  UIColor_Hex_Swift: bc07fc197421ee896b9ed6dcfa2054b7fbf75145

PODFILE CHECKSUM: eca77bc926b106a95d5ecd8a7986da8be4d46d00

COCOAPODS: 1.5.0
