// !$*UTF8*$!
{
	archiveVersion = 1;
	classes = {
	};
	objectVersion = 48;
	objects = {

/* Begin PBXBuildFile section */
		B31361E71F8786CC00BDA53D /* Contants.swift in Sources */ = {isa = PBXBuildFile; fileRef = B31361E61F8786CC00BDA53D /* Contants.swift */; };
		B31361E91F88A35900BDA53D /* Global.swift in Sources */ = {isa = PBXBuildFile; fileRef = B31361E81F88A35900BDA53D /* Global.swift */; };
		B322F8051FC52CAF00DE98FB /* MyTableVC.swift in Sources */ = {isa = PBXBuildFile; fileRef = B322F8041FC52CAE00DE98FB /* MyTableVC.swift */; };
		B322F8081FC6AC2200DE98FB /* SuperCell.swift in Sources */ = {isa = PBXBuildFile; fileRef = B322F8071FC6AC2200DE98FB /* SuperCell.swift */; };
		B322F80A1FC6AD1800DE98FB /* MenuCell.swift in Sources */ = {isa = PBXBuildFile; fileRef = B322F8091FC6AD1800DE98FB /* MenuCell.swift */; };
		B322F80D1FC6DCAD00DE98FB /* TeamSubmitCell.swift in Sources */ = {isa = PBXBuildFile; fileRef = B322F80C1FC6DCAD00DE98FB /* TeamSubmitCell.swift */; };
		B32FBCF31F8483E3003D39CC /* HomeImageCell.swift in Sources */ = {isa = PBXBuildFile; fileRef = B32FBCF21F8483E3003D39CC /* HomeImageCell.swift */; };
		B32FBCF81F849AA7003D39CC /* DataService.swift in Sources */ = {isa = PBXBuildFile; fileRef = B32FBCF71F849AA7003D39CC /* DataService.swift */; };
		B35F8DD91F8F64310073BD70 /* Home.swift in Sources */ = {isa = PBXBuildFile; fileRef = B35F8DD81F8F64310073BD70 /* Home.swift */; };
		B35F8DDB1F8F66490073BD70 /* HomeVideoCell.swift in Sources */ = {isa = PBXBuildFile; fileRef = B35F8DDA1F8F66490073BD70 /* HomeVideoCell.swift */; };
		B37510591FA74EBC00CDF1A0 /* RoundedButton.swift in Sources */ = {isa = PBXBuildFile; fileRef = B37510581FA74EBC00CDF1A0 /* RoundedButton.swift */; };
		B375105B1FA96C0500CDF1A0 /* Member.swift in Sources */ = {isa = PBXBuildFile; fileRef = B375105A1FA96C0500CDF1A0 /* Member.swift */; };
		B3AB478E1F8BD240008C9EDF /* HomeCollectionHeaderView.swift in Sources */ = {isa = PBXBuildFile; fileRef = B3AB478D1F8BD240008C9EDF /* HomeCollectionHeaderView.swift */; };
		B3CCE63E1FAD6DF30050D2FE /* CircleImageView.swift in Sources */ = {isa = PBXBuildFile; fileRef = B3CCE63D1FAD6DF30050D2FE /* CircleImageView.swift */; };
		B3CCE6401FAEDBC00050D2FE /* MenuTableVC.swift in Sources */ = {isa = PBXBuildFile; fileRef = B3CCE63F1FAEDBC00050D2FE /* MenuTableVC.swift */; };
		B3E72A191F9CBE9F0008A6B1 /* CourseCV.swift in Sources */ = {isa = PBXBuildFile; fileRef = B3E72A181F9CBE9F0008A6B1 /* CourseCV.swift */; };
		B3E72A1E1F9F9F350008A6B1 /* SWRevealViewController.m in Sources */ = {isa = PBXBuildFile; fileRef = B3E72A1C1F9F9F340008A6B1 /* SWRevealViewController.m */; };
		B3E72A201FA054580008A6B1 /* TempPlayVC.swift in Sources */ = {isa = PBXBuildFile; fileRef = B3E72A1F1FA054580008A6B1 /* TempPlayVC.swift */; };
		B3E72A221FA08A170008A6B1 /* MenuVC.swift in Sources */ = {isa = PBXBuildFile; fileRef = B3E72A211FA08A170008A6B1 /* MenuVC.swift */; };
		B3E72A241FA08D090008A6B1 /* GradientView.swift in Sources */ = {isa = PBXBuildFile; fileRef = B3E72A231FA08D090008A6B1 /* GradientView.swift */; };
		B3E72A261FA0FBFF0008A6B1 /* LoginVC.swift in Sources */ = {isa = PBXBuildFile; fileRef = B3E72A251FA0FBFF0008A6B1 /* LoginVC.swift */; };
		B3E72A281FA20D280008A6B1 /* MemberService.swift in Sources */ = {isa = PBXBuildFile; fileRef = B3E72A271FA20D280008A6B1 /* MemberService.swift */; };
		B3E72A2A1FA2EC640008A6B1 /* RegisterVC.swift in Sources */ = {isa = PBXBuildFile; fileRef = B3E72A291FA2EC640008A6B1 /* RegisterVC.swift */; };
		B3ED38D71FB2A3E80003F083 /* EditProfileVC.swift in Sources */ = {isa = PBXBuildFile; fileRef = B3ED38D61FB2A3E80003F083 /* EditProfileVC.swift */; };
		B3ED38D91FB463D00003F083 /* Team.swift in Sources */ = {isa = PBXBuildFile; fileRef = B3ED38D81FB463D00003F083 /* Team.swift */; };
		B3ED38DB1FB488CB0003F083 /* ImagePickerView.swift in Sources */ = {isa = PBXBuildFile; fileRef = B3ED38DA1FB488CB0003F083 /* ImagePickerView.swift */; };
		B3ED38DD1FB4A06C0003F083 /* MyLabel.swift in Sources */ = {isa = PBXBuildFile; fileRef = B3ED38DC1FB4A06C0003F083 /* MyLabel.swift */; };
		B3ED38E21FB77B830003F083 /* SuperTextField.swift in Sources */ = {isa = PBXBuildFile; fileRef = B3ED38E11FB77B830003F083 /* SuperTextField.swift */; };
		B3ED38E41FB77BD20003F083 /* NumberTextField.swift in Sources */ = {isa = PBXBuildFile; fileRef = B3ED38E31FB77BD20003F083 /* NumberTextField.swift */; };
		B3ED38E61FB785FE0003F083 /* EMailTextField.swift in Sources */ = {isa = PBXBuildFile; fileRef = B3ED38E51FB785FE0003F083 /* EMailTextField.swift */; };
		B3ED38E81FB852EB0003F083 /* FormCell.swift in Sources */ = {isa = PBXBuildFile; fileRef = B3ED38E71FB852EB0003F083 /* FormCell.swift */; };
		B3ED38EA1FB87EE50003F083 /* TeamService.swift in Sources */ = {isa = PBXBuildFile; fileRef = B3ED38E91FB87EE50003F083 /* TeamService.swift */; };
		B3ED38EC1FB9AB9D0003F083 /* Arena.swift in Sources */ = {isa = PBXBuildFile; fileRef = B3ED38EB1FB9AB9D0003F083 /* Arena.swift */; };
		B3ED38F01FB9AD460003F083 /* ArenaSelectVC.swift in Sources */ = {isa = PBXBuildFile; fileRef = B3ED38EF1FB9AD460003F083 /* ArenaSelectVC.swift */; };
		B3ED38F21FBAD4C30003F083 /* DaysSelectVC.swift in Sources */ = {isa = PBXBuildFile; fileRef = B3ED38F11FBAD4C20003F083 /* DaysSelectVC.swift */; };
		B3ED38F41FBB3C3B0003F083 /* TimeSelectVC.swift in Sources */ = {isa = PBXBuildFile; fileRef = B3ED38F31FBB3C3B0003F083 /* TimeSelectVC.swift */; };
		B3ED38F61FBC0A7C0003F083 /* TextInputVC.swift in Sources */ = {isa = PBXBuildFile; fileRef = B3ED38F51FBC0A7C0003F083 /* TextInputVC.swift */; };
		B3ED38F81FBC476B0003F083 /* DegreeSelectVC.swift in Sources */ = {isa = PBXBuildFile; fileRef = B3ED38F71FBC476B0003F083 /* DegreeSelectVC.swift */; };
		B3F2222C1F90C9CD00A8C402 /* ShowVC.swift in Sources */ = {isa = PBXBuildFile; fileRef = B3F2222B1F90C9CD00A8C402 /* ShowVC.swift */; };
		B3F222301F91DE7300A8C402 /* Show_IN.swift in Sources */ = {isa = PBXBuildFile; fileRef = B3F2222F1F91DE7300A8C402 /* Show_IN.swift */; };
		F07CD1A1BB728D94904CA85F /* Pods_bm.framework in Frameworks */ = {isa = PBXBuildFile; fileRef = 9C5D58D06320800C79615904 /* Pods_bm.framework */; };
		F90423B91F83748C00DC8B1E /* TeamVC.swift in Sources */ = {isa = PBXBuildFile; fileRef = F90423B81F83748C00DC8B1E /* TeamVC.swift */; };
		F94E7D201F83636A00F550FD /* AppDelegate.swift in Sources */ = {isa = PBXBuildFile; fileRef = F94E7D1F1F83636A00F550FD /* AppDelegate.swift */; };
		F94E7D221F83636A00F550FD /* HomeVC.swift in Sources */ = {isa = PBXBuildFile; fileRef = F94E7D211F83636A00F550FD /* HomeVC.swift */; };
		F94E7D251F83636A00F550FD /* Main.storyboard in Resources */ = {isa = PBXBuildFile; fileRef = F94E7D231F83636A00F550FD /* Main.storyboard */; };
		F94E7D271F83636A00F550FD /* Assets.xcassets in Resources */ = {isa = PBXBuildFile; fileRef = F94E7D261F83636A00F550FD /* Assets.xcassets */; };
		F94E7D2A1F83636A00F550FD /* LaunchScreen.storyboard in Resources */ = {isa = PBXBuildFile; fileRef = F94E7D281F83636A00F550FD /* LaunchScreen.storyboard */; };
		F94E7D351F83636B00F550FD /* bmTests.swift in Sources */ = {isa = PBXBuildFile; fileRef = F94E7D341F83636B00F550FD /* bmTests.swift */; };
		F94E7D401F83636B00F550FD /* bmUITests.swift in Sources */ = {isa = PBXBuildFile; fileRef = F94E7D3F1F83636B00F550FD /* bmUITests.swift */; };
		F94EAA201FB023B800B1762C /* ProfileVC.swift in Sources */ = {isa = PBXBuildFile; fileRef = F94EAA1F1FB023B800B1762C /* ProfileVC.swift */; };
		F94FF4351FB4322C00D167B6 /* TeamSubmitVC.swift in Sources */ = {isa = PBXBuildFile; fileRef = F94FF4341FB4322C00D167B6 /* TeamSubmitVC.swift */; };
		F96931971FB953960005C13F /* City.swift in Sources */ = {isa = PBXBuildFile; fileRef = F96931961FB953960005C13F /* City.swift */; };
		F96931991FB958110005C13F /* CitySelectVC.swift in Sources */ = {isa = PBXBuildFile; fileRef = F96931981FB958110005C13F /* CitySelectVC.swift */; };
		F98BD70E1F9DA24500C0CA79 /* VideoCell.swift in Sources */ = {isa = PBXBuildFile; fileRef = F98BD70D1F9DA24500C0CA79 /* VideoCell.swift */; };
		F9A1CB7F1F95CD2500DDEC86 /* ListCell.swift in Sources */ = {isa = PBXBuildFile; fileRef = F9A1CB7E1F95CD2500DDEC86 /* ListCell.swift */; };
		F9A1CB811F95CE2F00DDEC86 /* List.swift in Sources */ = {isa = PBXBuildFile; fileRef = F9A1CB801F95CE2F00DDEC86 /* List.swift */; };
		F9A1CB831F986C2300DDEC86 /* ListVC.swift in Sources */ = {isa = PBXBuildFile; fileRef = F9A1CB821F986C2300DDEC86 /* ListVC.swift */; };
		F9A1CB851F9895C300DDEC86 /* CoachVC.swift in Sources */ = {isa = PBXBuildFile; fileRef = F9A1CB841F9895C300DDEC86 /* CoachVC.swift */; };
/* End PBXBuildFile section */

/* Begin PBXContainerItemProxy section */
		F94E7D311F83636B00F550FD /* PBXContainerItemProxy */ = {
			isa = PBXContainerItemProxy;
			containerPortal = F94E7D141F83636A00F550FD /* Project object */;
			proxyType = 1;
			remoteGlobalIDString = F94E7D1B1F83636A00F550FD;
			remoteInfo = bm;
		};
		F94E7D3C1F83636B00F550FD /* PBXContainerItemProxy */ = {
			isa = PBXContainerItemProxy;
			containerPortal = F94E7D141F83636A00F550FD /* Project object */;
			proxyType = 1;
			remoteGlobalIDString = F94E7D1B1F83636A00F550FD;
			remoteInfo = bm;
		};
/* End PBXContainerItemProxy section */

/* Begin PBXCopyFilesBuildPhase section */
		B36440C01F86467600B477F9 /* CopyFiles */ = {
			isa = PBXCopyFilesBuildPhase;
			buildActionMask = 2147483647;
			dstPath = "";
			dstSubfolderSpec = 16;
			files = (
			);
			runOnlyForDeploymentPostprocessing = 0;
		};
/* End PBXCopyFilesBuildPhase section */

/* Begin PBXFileReference section */
		72E3E29BA5330C6E6B9965FA /* Pods-bm.release.xcconfig */ = {isa = PBXFileReference; includeInIndex = 1; lastKnownFileType = text.xcconfig; name = "Pods-bm.release.xcconfig"; path = "Pods/Target Support Files/Pods-bm/Pods-bm.release.xcconfig"; sourceTree = "<group>"; };
		8887FB55CE42CC9156BD0571 /* Pods-bm.debug.xcconfig */ = {isa = PBXFileReference; includeInIndex = 1; lastKnownFileType = text.xcconfig; name = "Pods-bm.debug.xcconfig"; path = "Pods/Target Support Files/Pods-bm/Pods-bm.debug.xcconfig"; sourceTree = "<group>"; };
		9C5D58D06320800C79615904 /* Pods_bm.framework */ = {isa = PBXFileReference; explicitFileType = wrapper.framework; includeInIndex = 0; path = Pods_bm.framework; sourceTree = BUILT_PRODUCTS_DIR; };
		B31361E61F8786CC00BDA53D /* Contants.swift */ = {isa = PBXFileReference; lastKnownFileType = sourcecode.swift; path = Contants.swift; sourceTree = "<group>"; };
		B31361E81F88A35900BDA53D /* Global.swift */ = {isa = PBXFileReference; lastKnownFileType = sourcecode.swift; path = Global.swift; sourceTree = "<group>"; };
		B322F8041FC52CAE00DE98FB /* MyTableVC.swift */ = {isa = PBXFileReference; lastKnownFileType = sourcecode.swift; path = MyTableVC.swift; sourceTree = "<group>"; };
		B322F8071FC6AC2200DE98FB /* SuperCell.swift */ = {isa = PBXFileReference; lastKnownFileType = sourcecode.swift; path = SuperCell.swift; sourceTree = "<group>"; };
		B322F8091FC6AD1800DE98FB /* MenuCell.swift */ = {isa = PBXFileReference; lastKnownFileType = sourcecode.swift; path = MenuCell.swift; sourceTree = "<group>"; };
		B322F80C1FC6DCAD00DE98FB /* TeamSubmitCell.swift */ = {isa = PBXFileReference; lastKnownFileType = sourcecode.swift; path = TeamSubmitCell.swift; sourceTree = "<group>"; };
		B32FBCF21F8483E3003D39CC /* HomeImageCell.swift */ = {isa = PBXFileReference; lastKnownFileType = sourcecode.swift; path = HomeImageCell.swift; sourceTree = "<group>"; };
		B32FBCF71F849AA7003D39CC /* DataService.swift */ = {isa = PBXFileReference; lastKnownFileType = sourcecode.swift; path = DataService.swift; sourceTree = "<group>"; };
		B35F8DD81F8F64310073BD70 /* Home.swift */ = {isa = PBXFileReference; lastKnownFileType = sourcecode.swift; path = Home.swift; sourceTree = "<group>"; };
		B35F8DDA1F8F66490073BD70 /* HomeVideoCell.swift */ = {isa = PBXFileReference; lastKnownFileType = sourcecode.swift; path = HomeVideoCell.swift; sourceTree = "<group>"; };
		B37510581FA74EBC00CDF1A0 /* RoundedButton.swift */ = {isa = PBXFileReference; lastKnownFileType = sourcecode.swift; path = RoundedButton.swift; sourceTree = "<group>"; };
		B375105A1FA96C0500CDF1A0 /* Member.swift */ = {isa = PBXFileReference; lastKnownFileType = sourcecode.swift; path = Member.swift; sourceTree = "<group>"; };
		B3AB478D1F8BD240008C9EDF /* HomeCollectionHeaderView.swift */ = {isa = PBXFileReference; lastKnownFileType = sourcecode.swift; path = HomeCollectionHeaderView.swift; sourceTree = "<group>"; };
		B3CCE63D1FAD6DF30050D2FE /* CircleImageView.swift */ = {isa = PBXFileReference; lastKnownFileType = sourcecode.swift; path = CircleImageView.swift; sourceTree = "<group>"; };
		B3CCE63F1FAEDBC00050D2FE /* MenuTableVC.swift */ = {isa = PBXFileReference; lastKnownFileType = sourcecode.swift; path = MenuTableVC.swift; sourceTree = "<group>"; };
		B3E72A181F9CBE9F0008A6B1 /* CourseCV.swift */ = {isa = PBXFileReference; lastKnownFileType = sourcecode.swift; path = CourseCV.swift; sourceTree = "<group>"; };
		B3E72A1B1F9F9F330008A6B1 /* bm-Bridging-Header.h */ = {isa = PBXFileReference; lastKnownFileType = sourcecode.c.h; path = "bm-Bridging-Header.h"; sourceTree = "<group>"; };
		B3E72A1C1F9F9F340008A6B1 /* SWRevealViewController.m */ = {isa = PBXFileReference; fileEncoding = 4; lastKnownFileType = sourcecode.c.objc; path = SWRevealViewController.m; sourceTree = "<group>"; };
		B3E72A1D1F9F9F350008A6B1 /* SWRevealViewController.h */ = {isa = PBXFileReference; fileEncoding = 4; lastKnownFileType = sourcecode.c.h; path = SWRevealViewController.h; sourceTree = "<group>"; };
		B3E72A1F1FA054580008A6B1 /* TempPlayVC.swift */ = {isa = PBXFileReference; lastKnownFileType = sourcecode.swift; path = TempPlayVC.swift; sourceTree = "<group>"; };
		B3E72A211FA08A170008A6B1 /* MenuVC.swift */ = {isa = PBXFileReference; lastKnownFileType = sourcecode.swift; path = MenuVC.swift; sourceTree = "<group>"; };
		B3E72A231FA08D090008A6B1 /* GradientView.swift */ = {isa = PBXFileReference; lastKnownFileType = sourcecode.swift; path = GradientView.swift; sourceTree = "<group>"; };
		B3E72A251FA0FBFF0008A6B1 /* LoginVC.swift */ = {isa = PBXFileReference; lastKnownFileType = sourcecode.swift; path = LoginVC.swift; sourceTree = "<group>"; };
		B3E72A271FA20D280008A6B1 /* MemberService.swift */ = {isa = PBXFileReference; lastKnownFileType = sourcecode.swift; path = MemberService.swift; sourceTree = "<group>"; };
		B3E72A291FA2EC640008A6B1 /* RegisterVC.swift */ = {isa = PBXFileReference; lastKnownFileType = sourcecode.swift; path = RegisterVC.swift; sourceTree = "<group>"; };
		B3ED38D61FB2A3E80003F083 /* EditProfileVC.swift */ = {isa = PBXFileReference; lastKnownFileType = sourcecode.swift; path = EditProfileVC.swift; sourceTree = "<group>"; };
		B3ED38D81FB463D00003F083 /* Team.swift */ = {isa = PBXFileReference; lastKnownFileType = sourcecode.swift; path = Team.swift; sourceTree = "<group>"; };
		B3ED38DA1FB488CB0003F083 /* ImagePickerView.swift */ = {isa = PBXFileReference; lastKnownFileType = sourcecode.swift; path = ImagePickerView.swift; sourceTree = "<group>"; };
		B3ED38DC1FB4A06C0003F083 /* MyLabel.swift */ = {isa = PBXFileReference; lastKnownFileType = sourcecode.swift; path = MyLabel.swift; sourceTree = "<group>"; };
		B3ED38E11FB77B830003F083 /* SuperTextField.swift */ = {isa = PBXFileReference; lastKnownFileType = sourcecode.swift; path = SuperTextField.swift; sourceTree = "<group>"; };
		B3ED38E31FB77BD20003F083 /* NumberTextField.swift */ = {isa = PBXFileReference; lastKnownFileType = sourcecode.swift; path = NumberTextField.swift; sourceTree = "<group>"; };
		B3ED38E51FB785FE0003F083 /* EMailTextField.swift */ = {isa = PBXFileReference; lastKnownFileType = sourcecode.swift; path = EMailTextField.swift; sourceTree = "<group>"; };
		B3ED38E71FB852EB0003F083 /* FormCell.swift */ = {isa = PBXFileReference; lastKnownFileType = sourcecode.swift; path = FormCell.swift; sourceTree = "<group>"; };
		B3ED38E91FB87EE50003F083 /* TeamService.swift */ = {isa = PBXFileReference; lastKnownFileType = sourcecode.swift; path = TeamService.swift; sourceTree = "<group>"; };
		B3ED38EB1FB9AB9D0003F083 /* Arena.swift */ = {isa = PBXFileReference; lastKnownFileType = sourcecode.swift; path = Arena.swift; sourceTree = "<group>"; };
		B3ED38EF1FB9AD460003F083 /* ArenaSelectVC.swift */ = {isa = PBXFileReference; lastKnownFileType = sourcecode.swift; path = ArenaSelectVC.swift; sourceTree = "<group>"; };
		B3ED38F11FBAD4C20003F083 /* DaysSelectVC.swift */ = {isa = PBXFileReference; lastKnownFileType = sourcecode.swift; path = DaysSelectVC.swift; sourceTree = "<group>"; };
		B3ED38F31FBB3C3B0003F083 /* TimeSelectVC.swift */ = {isa = PBXFileReference; lastKnownFileType = sourcecode.swift; path = TimeSelectVC.swift; sourceTree = "<group>"; };
		B3ED38F51FBC0A7C0003F083 /* TextInputVC.swift */ = {isa = PBXFileReference; lastKnownFileType = sourcecode.swift; path = TextInputVC.swift; sourceTree = "<group>"; };
		B3ED38F71FBC476B0003F083 /* DegreeSelectVC.swift */ = {isa = PBXFileReference; lastKnownFileType = sourcecode.swift; path = DegreeSelectVC.swift; sourceTree = "<group>"; };
		B3F2222B1F90C9CD00A8C402 /* ShowVC.swift */ = {isa = PBXFileReference; lastKnownFileType = sourcecode.swift; path = ShowVC.swift; sourceTree = "<group>"; };
		B3F2222F1F91DE7300A8C402 /* Show_IN.swift */ = {isa = PBXFileReference; lastKnownFileType = sourcecode.swift; path = Show_IN.swift; sourceTree = "<group>"; };
		F90423B81F83748C00DC8B1E /* TeamVC.swift */ = {isa = PBXFileReference; lastKnownFileType = sourcecode.swift; path = TeamVC.swift; sourceTree = "<group>"; };
		F94E7D1C1F83636A00F550FD /* bm.app */ = {isa = PBXFileReference; explicitFileType = wrapper.application; includeInIndex = 0; path = bm.app; sourceTree = BUILT_PRODUCTS_DIR; };
		F94E7D1F1F83636A00F550FD /* AppDelegate.swift */ = {isa = PBXFileReference; lastKnownFileType = sourcecode.swift; path = AppDelegate.swift; sourceTree = "<group>"; };
		F94E7D211F83636A00F550FD /* HomeVC.swift */ = {isa = PBXFileReference; lastKnownFileType = sourcecode.swift; path = HomeVC.swift; sourceTree = "<group>"; };
		F94E7D241F83636A00F550FD /* Base */ = {isa = PBXFileReference; lastKnownFileType = file.storyboard; name = Base; path = Base.lproj/Main.storyboard; sourceTree = "<group>"; };
		F94E7D261F83636A00F550FD /* Assets.xcassets */ = {isa = PBXFileReference; lastKnownFileType = folder.assetcatalog; path = Assets.xcassets; sourceTree = "<group>"; };
		F94E7D291F83636A00F550FD /* Base */ = {isa = PBXFileReference; lastKnownFileType = file.storyboard; name = Base; path = Base.lproj/LaunchScreen.storyboard; sourceTree = "<group>"; };
		F94E7D2B1F83636A00F550FD /* Info.plist */ = {isa = PBXFileReference; lastKnownFileType = text.plist.xml; path = Info.plist; sourceTree = "<group>"; };
		F94E7D301F83636B00F550FD /* bmTests.xctest */ = {isa = PBXFileReference; explicitFileType = wrapper.cfbundle; includeInIndex = 0; path = bmTests.xctest; sourceTree = BUILT_PRODUCTS_DIR; };
		F94E7D341F83636B00F550FD /* bmTests.swift */ = {isa = PBXFileReference; lastKnownFileType = sourcecode.swift; path = bmTests.swift; sourceTree = "<group>"; };
		F94E7D361F83636B00F550FD /* Info.plist */ = {isa = PBXFileReference; lastKnownFileType = text.plist.xml; path = Info.plist; sourceTree = "<group>"; };
		F94E7D3B1F83636B00F550FD /* bmUITests.xctest */ = {isa = PBXFileReference; explicitFileType = wrapper.cfbundle; includeInIndex = 0; path = bmUITests.xctest; sourceTree = BUILT_PRODUCTS_DIR; };
		F94E7D3F1F83636B00F550FD /* bmUITests.swift */ = {isa = PBXFileReference; lastKnownFileType = sourcecode.swift; path = bmUITests.swift; sourceTree = "<group>"; };
		F94E7D411F83636B00F550FD /* Info.plist */ = {isa = PBXFileReference; lastKnownFileType = text.plist.xml; path = Info.plist; sourceTree = "<group>"; };
		F94EAA1F1FB023B800B1762C /* ProfileVC.swift */ = {isa = PBXFileReference; lastKnownFileType = sourcecode.swift; path = ProfileVC.swift; sourceTree = "<group>"; };
		F94FF4341FB4322C00D167B6 /* TeamSubmitVC.swift */ = {isa = PBXFileReference; lastKnownFileType = sourcecode.swift; path = TeamSubmitVC.swift; sourceTree = "<group>"; };
		F96931961FB953960005C13F /* City.swift */ = {isa = PBXFileReference; lastKnownFileType = sourcecode.swift; path = City.swift; sourceTree = "<group>"; };
		F96931981FB958110005C13F /* CitySelectVC.swift */ = {isa = PBXFileReference; lastKnownFileType = sourcecode.swift; path = CitySelectVC.swift; sourceTree = "<group>"; };
		F98BD70D1F9DA24500C0CA79 /* VideoCell.swift */ = {isa = PBXFileReference; lastKnownFileType = sourcecode.swift; path = VideoCell.swift; sourceTree = "<group>"; };
		F9A1CB7E1F95CD2500DDEC86 /* ListCell.swift */ = {isa = PBXFileReference; lastKnownFileType = sourcecode.swift; path = ListCell.swift; sourceTree = "<group>"; };
		F9A1CB801F95CE2F00DDEC86 /* List.swift */ = {isa = PBXFileReference; lastKnownFileType = sourcecode.swift; path = List.swift; sourceTree = "<group>"; };
		F9A1CB821F986C2300DDEC86 /* ListVC.swift */ = {isa = PBXFileReference; lastKnownFileType = sourcecode.swift; path = ListVC.swift; sourceTree = "<group>"; };
		F9A1CB841F9895C300DDEC86 /* CoachVC.swift */ = {isa = PBXFileReference; lastKnownFileType = sourcecode.swift; path = CoachVC.swift; sourceTree = "<group>"; };
/* End PBXFileReference section */

/* Begin PBXFrameworksBuildPhase section */
		F94E7D191F83636A00F550FD /* Frameworks */ = {
			isa = PBXFrameworksBuildPhase;
			buildActionMask = 2147483647;
			files = (
				F07CD1A1BB728D94904CA85F /* Pods_bm.framework in Frameworks */,
			);
			runOnlyForDeploymentPostprocessing = 0;
		};
		F94E7D2D1F83636B00F550FD /* Frameworks */ = {
			isa = PBXFrameworksBuildPhase;
			buildActionMask = 2147483647;
			files = (
			);
			runOnlyForDeploymentPostprocessing = 0;
		};
		F94E7D381F83636B00F550FD /* Frameworks */ = {
			isa = PBXFrameworksBuildPhase;
			buildActionMask = 2147483647;
			files = (
			);
			runOnlyForDeploymentPostprocessing = 0;
		};
/* End PBXFrameworksBuildPhase section */

/* Begin PBXGroup section */
		AEF72A5B3B19F707E4454F79 /* Pods */ = {
			isa = PBXGroup;
			children = (
				8887FB55CE42CC9156BD0571 /* Pods-bm.debug.xcconfig */,
				72E3E29BA5330C6E6B9965FA /* Pods-bm.release.xcconfig */,
			);
			name = Pods;
			sourceTree = "<group>";
		};
		B31361E51F87869400BDA53D /* Utilities */ = {
			isa = PBXGroup;
			children = (
				B31361E61F8786CC00BDA53D /* Contants.swift */,
				B31361E81F88A35900BDA53D /* Global.swift */,
			);
			path = Utilities;
			sourceTree = "<group>";
		};
		B322F8061FC6ABEA00DE98FB /* Cell */ = {
			isa = PBXGroup;
			children = (
				B322F8071FC6AC2200DE98FB /* SuperCell.swift */,
				B322F8091FC6AD1800DE98FB /* MenuCell.swift */,
				B322F80C1FC6DCAD00DE98FB /* TeamSubmitCell.swift */,
			);
			path = Cell;
			sourceTree = "<group>";
		};
		B32FBCEF1F84831C003D39CC /* Views */ = {
			isa = PBXGroup;
			children = (
				B322F8061FC6ABEA00DE98FB /* Cell */,
				B3ED38E01FB777BF0003F083 /* TextField */,
				B32FBCF21F8483E3003D39CC /* HomeImageCell.swift */,
				B3AB478D1F8BD240008C9EDF /* HomeCollectionHeaderView.swift */,
				B35F8DDA1F8F66490073BD70 /* HomeVideoCell.swift */,
				F9A1CB7E1F95CD2500DDEC86 /* ListCell.swift */,
				F98BD70D1F9DA24500C0CA79 /* VideoCell.swift */,
				B3E72A231FA08D090008A6B1 /* GradientView.swift */,
				B37510581FA74EBC00CDF1A0 /* RoundedButton.swift */,
				B3CCE63D1FAD6DF30050D2FE /* CircleImageView.swift */,
				B3ED38DA1FB488CB0003F083 /* ImagePickerView.swift */,
				B3ED38DC1FB4A06C0003F083 /* MyLabel.swift */,
				B3ED38E71FB852EB0003F083 /* FormCell.swift */,
			);
			path = Views;
			sourceTree = "<group>";
		};
		B32FBCF61F849A7D003D39CC /* Services */ = {
			isa = PBXGroup;
			children = (
				B32FBCF71F849AA7003D39CC /* DataService.swift */,
				B3E72A271FA20D280008A6B1 /* MemberService.swift */,
				B3ED38E91FB87EE50003F083 /* TeamService.swift */,
			);
			path = Services;
			sourceTree = "<group>";
		};
		B3E72A1A1F9F9F0B0008A6B1 /* Support files */ = {
			isa = PBXGroup;
			children = (
				B3E72A1D1F9F9F350008A6B1 /* SWRevealViewController.h */,
				B3E72A1C1F9F9F340008A6B1 /* SWRevealViewController.m */,
				B3E72A1B1F9F9F330008A6B1 /* bm-Bridging-Header.h */,
			);
			path = "Support files";
			sourceTree = "<group>";
		};
		B3ED38E01FB777BF0003F083 /* TextField */ = {
			isa = PBXGroup;
			children = (
				B3ED38E11FB77B830003F083 /* SuperTextField.swift */,
				B3ED38E31FB77BD20003F083 /* NumberTextField.swift */,
				B3ED38E51FB785FE0003F083 /* EMailTextField.swift */,
			);
			path = TextField;
			sourceTree = "<group>";
		};
		F59B543DD41ED7F128853F13 /* Frameworks */ = {
			isa = PBXGroup;
			children = (
				9C5D58D06320800C79615904 /* Pods_bm.framework */,
			);
			name = Frameworks;
			sourceTree = "<group>";
		};
		F94E7D131F83636A00F550FD = {
			isa = PBXGroup;
			children = (
				F94E7D1E1F83636A00F550FD /* bm */,
				F94E7D331F83636B00F550FD /* bmTests */,
				F94E7D3E1F83636B00F550FD /* bmUITests */,
				F94E7D1D1F83636A00F550FD /* Products */,
				AEF72A5B3B19F707E4454F79 /* Pods */,
				F59B543DD41ED7F128853F13 /* Frameworks */,
			);
			sourceTree = "<group>";
		};
		F94E7D1D1F83636A00F550FD /* Products */ = {
			isa = PBXGroup;
			children = (
				F94E7D1C1F83636A00F550FD /* bm.app */,
				F94E7D301F83636B00F550FD /* bmTests.xctest */,
				F94E7D3B1F83636B00F550FD /* bmUITests.xctest */,
			);
			name = Products;
			sourceTree = "<group>";
		};
		F94E7D1E1F83636A00F550FD /* bm */ = {
			isa = PBXGroup;
			children = (
				B3E72A1A1F9F9F0B0008A6B1 /* Support files */,
				B31361E51F87869400BDA53D /* Utilities */,
				B32FBCF61F849A7D003D39CC /* Services */,
				B32FBCEF1F84831C003D39CC /* Views */,
				F94E7D4E1F83662600F550FD /* Models */,
				F94E7D4D1F83660B00F550FD /* Controllers */,
				F94E7D1F1F83636A00F550FD /* AppDelegate.swift */,
				F94E7D231F83636A00F550FD /* Main.storyboard */,
				F94E7D261F83636A00F550FD /* Assets.xcassets */,
				F94E7D281F83636A00F550FD /* LaunchScreen.storyboard */,
				F94E7D2B1F83636A00F550FD /* Info.plist */,
			);
			path = bm;
			sourceTree = "<group>";
		};
		F94E7D331F83636B00F550FD /* bmTests */ = {
			isa = PBXGroup;
			children = (
				F94E7D341F83636B00F550FD /* bmTests.swift */,
				F94E7D361F83636B00F550FD /* Info.plist */,
			);
			path = bmTests;
			sourceTree = "<group>";
		};
		F94E7D3E1F83636B00F550FD /* bmUITests */ = {
			isa = PBXGroup;
			children = (
				F94E7D3F1F83636B00F550FD /* bmUITests.swift */,
				F94E7D411F83636B00F550FD /* Info.plist */,
			);
			path = bmUITests;
			sourceTree = "<group>";
		};
		F94E7D4D1F83660B00F550FD /* Controllers */ = {
			isa = PBXGroup;
			children = (
				F94E7D211F83636A00F550FD /* HomeVC.swift */,
				F90423B81F83748C00DC8B1E /* TeamVC.swift */,
				B3F2222B1F90C9CD00A8C402 /* ShowVC.swift */,
				F9A1CB821F986C2300DDEC86 /* ListVC.swift */,
				F9A1CB841F9895C300DDEC86 /* CoachVC.swift */,
				B3E72A181F9CBE9F0008A6B1 /* CourseCV.swift */,
				B3E72A1F1FA054580008A6B1 /* TempPlayVC.swift */,
				B3E72A211FA08A170008A6B1 /* MenuVC.swift */,
				B3E72A251FA0FBFF0008A6B1 /* LoginVC.swift */,
				B3E72A291FA2EC640008A6B1 /* RegisterVC.swift */,
				B3CCE63F1FAEDBC00050D2FE /* MenuTableVC.swift */,
				F94EAA1F1FB023B800B1762C /* ProfileVC.swift */,
				B3ED38D61FB2A3E80003F083 /* EditProfileVC.swift */,
				F94FF4341FB4322C00D167B6 /* TeamSubmitVC.swift */,
				F96931981FB958110005C13F /* CitySelectVC.swift */,
				B3ED38EF1FB9AD460003F083 /* ArenaSelectVC.swift */,
				B3ED38F11FBAD4C20003F083 /* DaysSelectVC.swift */,
				B3ED38F31FBB3C3B0003F083 /* TimeSelectVC.swift */,
				B3ED38F51FBC0A7C0003F083 /* TextInputVC.swift */,
				B3ED38F71FBC476B0003F083 /* DegreeSelectVC.swift */,
				B322F8041FC52CAE00DE98FB /* MyTableVC.swift */,
			);
			path = Controllers;
			sourceTree = "<group>";
		};
		F94E7D4E1F83662600F550FD /* Models */ = {
			isa = PBXGroup;
			children = (
				B35F8DD81F8F64310073BD70 /* Home.swift */,
				B3F2222F1F91DE7300A8C402 /* Show_IN.swift */,
				F9A1CB801F95CE2F00DDEC86 /* List.swift */,
				B375105A1FA96C0500CDF1A0 /* Member.swift */,
				B3ED38D81FB463D00003F083 /* Team.swift */,
				F96931961FB953960005C13F /* City.swift */,
				B3ED38EB1FB9AB9D0003F083 /* Arena.swift */,
			);
			path = Models;
			sourceTree = "<group>";
		};
/* End PBXGroup section */

/* Begin PBXNativeTarget section */
		F94E7D1B1F83636A00F550FD /* bm */ = {
			isa = PBXNativeTarget;
			buildConfigurationList = F94E7D441F83636B00F550FD /* Build configuration list for PBXNativeTarget "bm" */;
			buildPhases = (
				BAF73931C936E7B0C667205A /* [CP] Check Pods Manifest.lock */,
				F94E7D181F83636A00F550FD /* Sources */,
				F94E7D191F83636A00F550FD /* Frameworks */,
				F94E7D1A1F83636A00F550FD /* Resources */,
				B36440C01F86467600B477F9 /* CopyFiles */,
				5F8D8643203D0E44C1D83C60 /* [CP] Embed Pods Frameworks */,
				74CED1CA4534A4627AA85C05 /* [CP] Copy Pods Resources */,
			);
			buildRules = (
			);
			dependencies = (
			);
			name = bm;
			productName = bm;
			productReference = F94E7D1C1F83636A00F550FD /* bm.app */;
			productType = "com.apple.product-type.application";
		};
		F94E7D2F1F83636B00F550FD /* bmTests */ = {
			isa = PBXNativeTarget;
			buildConfigurationList = F94E7D471F83636B00F550FD /* Build configuration list for PBXNativeTarget "bmTests" */;
			buildPhases = (
				F94E7D2C1F83636B00F550FD /* Sources */,
				F94E7D2D1F83636B00F550FD /* Frameworks */,
				F94E7D2E1F83636B00F550FD /* Resources */,
			);
			buildRules = (
			);
			dependencies = (
				F94E7D321F83636B00F550FD /* PBXTargetDependency */,
			);
			name = bmTests;
			productName = bmTests;
			productReference = F94E7D301F83636B00F550FD /* bmTests.xctest */;
			productType = "com.apple.product-type.bundle.unit-test";
		};
		F94E7D3A1F83636B00F550FD /* bmUITests */ = {
			isa = PBXNativeTarget;
			buildConfigurationList = F94E7D4A1F83636B00F550FD /* Build configuration list for PBXNativeTarget "bmUITests" */;
			buildPhases = (
				F94E7D371F83636B00F550FD /* Sources */,
				F94E7D381F83636B00F550FD /* Frameworks */,
				F94E7D391F83636B00F550FD /* Resources */,
			);
			buildRules = (
			);
			dependencies = (
				F94E7D3D1F83636B00F550FD /* PBXTargetDependency */,
			);
			name = bmUITests;
			productName = bmUITests;
			productReference = F94E7D3B1F83636B00F550FD /* bmUITests.xctest */;
			productType = "com.apple.product-type.bundle.ui-testing";
		};
/* End PBXNativeTarget section */

/* Begin PBXProject section */
		F94E7D141F83636A00F550FD /* Project object */ = {
			isa = PBXProject;
			attributes = {
				LastSwiftUpdateCheck = 0900;
				LastUpgradeCheck = 0900;
				ORGANIZATIONNAME = bm;
				TargetAttributes = {
					F94E7D1B1F83636A00F550FD = {
						CreatedOnToolsVersion = 9.0;
						LastSwiftMigration = 0900;
						ProvisioningStyle = Automatic;
					};
					F94E7D2F1F83636B00F550FD = {
						CreatedOnToolsVersion = 9.0;
						ProvisioningStyle = Automatic;
						TestTargetID = F94E7D1B1F83636A00F550FD;
					};
					F94E7D3A1F83636B00F550FD = {
						CreatedOnToolsVersion = 9.0;
						ProvisioningStyle = Automatic;
						TestTargetID = F94E7D1B1F83636A00F550FD;
					};
				};
			};
			buildConfigurationList = F94E7D171F83636A00F550FD /* Build configuration list for PBXProject "bm" */;
			compatibilityVersion = "Xcode 8.0";
			developmentRegion = en;
			hasScannedForEncodings = 0;
			knownRegions = (
				en,
				Base,
			);
			mainGroup = F94E7D131F83636A00F550FD;
			productRefGroup = F94E7D1D1F83636A00F550FD /* Products */;
			projectDirPath = "";
			projectRoot = "";
			targets = (
				F94E7D1B1F83636A00F550FD /* bm */,
				F94E7D2F1F83636B00F550FD /* bmTests */,
				F94E7D3A1F83636B00F550FD /* bmUITests */,
			);
		};
/* End PBXProject section */

/* Begin PBXResourcesBuildPhase section */
		F94E7D1A1F83636A00F550FD /* Resources */ = {
			isa = PBXResourcesBuildPhase;
			buildActionMask = 2147483647;
			files = (
				F94E7D2A1F83636A00F550FD /* LaunchScreen.storyboard in Resources */,
				F94E7D271F83636A00F550FD /* Assets.xcassets in Resources */,
				F94E7D251F83636A00F550FD /* Main.storyboard in Resources */,
			);
			runOnlyForDeploymentPostprocessing = 0;
		};
		F94E7D2E1F83636B00F550FD /* Resources */ = {
			isa = PBXResourcesBuildPhase;
			buildActionMask = 2147483647;
			files = (
			);
			runOnlyForDeploymentPostprocessing = 0;
		};
		F94E7D391F83636B00F550FD /* Resources */ = {
			isa = PBXResourcesBuildPhase;
			buildActionMask = 2147483647;
			files = (
			);
			runOnlyForDeploymentPostprocessing = 0;
		};
/* End PBXResourcesBuildPhase section */

/* Begin PBXShellScriptBuildPhase section */
		5F8D8643203D0E44C1D83C60 /* [CP] Embed Pods Frameworks */ = {
			isa = PBXShellScriptBuildPhase;
			buildActionMask = 2147483647;
			files = (
			);
			inputPaths = (
				"${SRCROOT}/Pods/Target Support Files/Pods-bm/Pods-bm-frameworks.sh",
				"${BUILT_PRODUCTS_DIR}/Alamofire/Alamofire.framework",
				"${BUILT_PRODUCTS_DIR}/AlamofireImage/AlamofireImage.framework",
				"${BUILT_PRODUCTS_DIR}/Device.swift/Device_swift.framework",
				"${BUILT_PRODUCTS_DIR}/SCLAlertView/SCLAlertView.framework",
				"${BUILT_PRODUCTS_DIR}/Socket.IO-Client-Swift/SocketIO.framework",
				"${BUILT_PRODUCTS_DIR}/Starscream/Starscream.framework",
				"${BUILT_PRODUCTS_DIR}/SwiftyJSON/SwiftyJSON.framework",
				"${BUILT_PRODUCTS_DIR}/TRVideoView/TRVideoView.framework",
				"${BUILT_PRODUCTS_DIR}/UIColor_Hex_Swift/UIColor_Hex_Swift.framework",
			);
			name = "[CP] Embed Pods Frameworks";
			outputPaths = (
				"${TARGET_BUILD_DIR}/${FRAMEWORKS_FOLDER_PATH}/Alamofire.framework",
				"${TARGET_BUILD_DIR}/${FRAMEWORKS_FOLDER_PATH}/AlamofireImage.framework",
				"${TARGET_BUILD_DIR}/${FRAMEWORKS_FOLDER_PATH}/Device_swift.framework",
				"${TARGET_BUILD_DIR}/${FRAMEWORKS_FOLDER_PATH}/SCLAlertView.framework",
				"${TARGET_BUILD_DIR}/${FRAMEWORKS_FOLDER_PATH}/SocketIO.framework",
				"${TARGET_BUILD_DIR}/${FRAMEWORKS_FOLDER_PATH}/Starscream.framework",
				"${TARGET_BUILD_DIR}/${FRAMEWORKS_FOLDER_PATH}/SwiftyJSON.framework",
				"${TARGET_BUILD_DIR}/${FRAMEWORKS_FOLDER_PATH}/TRVideoView.framework",
				"${TARGET_BUILD_DIR}/${FRAMEWORKS_FOLDER_PATH}/UIColor_Hex_Swift.framework",
			);
			runOnlyForDeploymentPostprocessing = 0;
			shellPath = /bin/sh;
			shellScript = "\"${SRCROOT}/Pods/Target Support Files/Pods-bm/Pods-bm-frameworks.sh\"\n";
			showEnvVarsInLog = 0;
		};
		74CED1CA4534A4627AA85C05 /* [CP] Copy Pods Resources */ = {
			isa = PBXShellScriptBuildPhase;
			buildActionMask = 2147483647;
			files = (
			);
			inputPaths = (
			);
			name = "[CP] Copy Pods Resources";
			outputPaths = (
			);
			runOnlyForDeploymentPostprocessing = 0;
			shellPath = /bin/sh;
			shellScript = "\"${SRCROOT}/Pods/Target Support Files/Pods-bm/Pods-bm-resources.sh\"\n";
			showEnvVarsInLog = 0;
		};
		BAF73931C936E7B0C667205A /* [CP] Check Pods Manifest.lock */ = {
			isa = PBXShellScriptBuildPhase;
			buildActionMask = 2147483647;
			files = (
			);
			inputPaths = (
				"${PODS_PODFILE_DIR_PATH}/Podfile.lock",
				"${PODS_ROOT}/Manifest.lock",
			);
			name = "[CP] Check Pods Manifest.lock";
			outputPaths = (
				"$(DERIVED_FILE_DIR)/Pods-bm-checkManifestLockResult.txt",
			);
			runOnlyForDeploymentPostprocessing = 0;
			shellPath = /bin/sh;
			shellScript = "diff \"${PODS_PODFILE_DIR_PATH}/Podfile.lock\" \"${PODS_ROOT}/Manifest.lock\" > /dev/null\nif [ $? != 0 ] ; then\n    # print error to STDERR\n    echo \"error: The sandbox is not in sync with the Podfile.lock. Run 'pod install' or update your CocoaPods installation.\" >&2\n    exit 1\nfi\n# This output is used by Xcode 'outputs' to avoid re-running this script phase.\necho \"SUCCESS\" > \"${SCRIPT_OUTPUT_FILE_0}\"\n";
			showEnvVarsInLog = 0;
		};
/* End PBXShellScriptBuildPhase section */

/* Begin PBXSourcesBuildPhase section */
		F94E7D181F83636A00F550FD /* Sources */ = {
			isa = PBXSourcesBuildPhase;
			buildActionMask = 2147483647;
			files = (
				F94EAA201FB023B800B1762C /* ProfileVC.swift in Sources */,
				B3ED38E21FB77B830003F083 /* SuperTextField.swift in Sources */,
				B322F80D1FC6DCAD00DE98FB /* TeamSubmitCell.swift in Sources */,
				F94FF4351FB4322C00D167B6 /* TeamSubmitVC.swift in Sources */,
				B3E72A191F9CBE9F0008A6B1 /* CourseCV.swift in Sources */,
				B3ED38E81FB852EB0003F083 /* FormCell.swift in Sources */,
				B3E72A1E1F9F9F350008A6B1 /* SWRevealViewController.m in Sources */,
				B3E72A241FA08D090008A6B1 /* GradientView.swift in Sources */,
				B322F8081FC6AC2200DE98FB /* SuperCell.swift in Sources */,
				B31361E91F88A35900BDA53D /* Global.swift in Sources */,
				B375105B1FA96C0500CDF1A0 /* Member.swift in Sources */,
				F94E7D221F83636A00F550FD /* HomeVC.swift in Sources */,
				F9A1CB811F95CE2F00DDEC86 /* List.swift in Sources */,
				B35F8DDB1F8F66490073BD70 /* HomeVideoCell.swift in Sources */,
				B3ED38EA1FB87EE50003F083 /* TeamService.swift in Sources */,
				B35F8DD91F8F64310073BD70 /* Home.swift in Sources */,
				B3ED38DD1FB4A06C0003F083 /* MyLabel.swift in Sources */,
				F90423B91F83748C00DC8B1E /* TeamVC.swift in Sources */,
				B3ED38DB1FB488CB0003F083 /* ImagePickerView.swift in Sources */,
				F9A1CB831F986C2300DDEC86 /* ListVC.swift in Sources */,
				B322F8051FC52CAF00DE98FB /* MyTableVC.swift in Sources */,
				B3AB478E1F8BD240008C9EDF /* HomeCollectionHeaderView.swift in Sources */,
				B3ED38F41FBB3C3B0003F083 /* TimeSelectVC.swift in Sources */,
				B3ED38F81FBC476B0003F083 /* DegreeSelectVC.swift in Sources */,
				F9A1CB7F1F95CD2500DDEC86 /* ListCell.swift in Sources */,
				B31361E71F8786CC00BDA53D /* Contants.swift in Sources */,
				B3CCE6401FAEDBC00050D2FE /* MenuTableVC.swift in Sources */,
				B3ED38E61FB785FE0003F083 /* EMailTextField.swift in Sources */,
				F96931971FB953960005C13F /* City.swift in Sources */,
				B3E72A201FA054580008A6B1 /* TempPlayVC.swift in Sources */,
				F98BD70E1F9DA24500C0CA79 /* VideoCell.swift in Sources */,
				B3CCE63E1FAD6DF30050D2FE /* CircleImageView.swift in Sources */,
				B32FBCF81F849AA7003D39CC /* DataService.swift in Sources */,
				B322F80A1FC6AD1800DE98FB /* MenuCell.swift in Sources */,
				B3ED38F01FB9AD460003F083 /* ArenaSelectVC.swift in Sources */,
				B3F2222C1F90C9CD00A8C402 /* ShowVC.swift in Sources */,
				B3E72A281FA20D280008A6B1 /* MemberService.swift in Sources */,
				B3F222301F91DE7300A8C402 /* Show_IN.swift in Sources */,
				B3E72A2A1FA2EC640008A6B1 /* RegisterVC.swift in Sources */,
				B3E72A221FA08A170008A6B1 /* MenuVC.swift in Sources */,
				B3ED38E41FB77BD20003F083 /* NumberTextField.swift in Sources */,
				B3ED38F61FBC0A7C0003F083 /* TextInputVC.swift in Sources */,
				B32FBCF31F8483E3003D39CC /* HomeImageCell.swift in Sources */,
				F94E7D201F83636A00F550FD /* AppDelegate.swift in Sources */,
				F9A1CB851F9895C300DDEC86 /* CoachVC.swift in Sources */,
				B3ED38F21FBAD4C30003F083 /* DaysSelectVC.swift in Sources */,
				B3E72A261FA0FBFF0008A6B1 /* LoginVC.swift in Sources */,
				B3ED38D91FB463D00003F083 /* Team.swift in Sources */,
				F96931991FB958110005C13F /* CitySelectVC.swift in Sources */,
				B3ED38D71FB2A3E80003F083 /* EditProfileVC.swift in Sources */,
				B3ED38EC1FB9AB9D0003F083 /* Arena.swift in Sources */,
				B37510591FA74EBC00CDF1A0 /* RoundedButton.swift in Sources */,
			);
			runOnlyForDeploymentPostprocessing = 0;
		};
		F94E7D2C1F83636B00F550FD /* Sources */ = {
			isa = PBXSourcesBuildPhase;
			buildActionMask = 2147483647;
			files = (
				F94E7D351F83636B00F550FD /* bmTests.swift in Sources */,
			);
			runOnlyForDeploymentPostprocessing = 0;
		};
		F94E7D371F83636B00F550FD /* Sources */ = {
			isa = PBXSourcesBuildPhase;
			buildActionMask = 2147483647;
			files = (
				F94E7D401F83636B00F550FD /* bmUITests.swift in Sources */,
			);
			runOnlyForDeploymentPostprocessing = 0;
		};
/* End PBXSourcesBuildPhase section */

/* Begin PBXTargetDependency section */
		F94E7D321F83636B00F550FD /* PBXTargetDependency */ = {
			isa = PBXTargetDependency;
			target = F94E7D1B1F83636A00F550FD /* bm */;
			targetProxy = F94E7D311F83636B00F550FD /* PBXContainerItemProxy */;
		};
		F94E7D3D1F83636B00F550FD /* PBXTargetDependency */ = {
			isa = PBXTargetDependency;
			target = F94E7D1B1F83636A00F550FD /* bm */;
			targetProxy = F94E7D3C1F83636B00F550FD /* PBXContainerItemProxy */;
		};
/* End PBXTargetDependency section */

/* Begin PBXVariantGroup section */
		F94E7D231F83636A00F550FD /* Main.storyboard */ = {
			isa = PBXVariantGroup;
			children = (
				F94E7D241F83636A00F550FD /* Base */,
			);
			name = Main.storyboard;
			sourceTree = "<group>";
		};
		F94E7D281F83636A00F550FD /* LaunchScreen.storyboard */ = {
			isa = PBXVariantGroup;
			children = (
				F94E7D291F83636A00F550FD /* Base */,
			);
			name = LaunchScreen.storyboard;
			sourceTree = "<group>";
		};
/* End PBXVariantGroup section */

/* Begin XCBuildConfiguration section */
		F94E7D421F83636B00F550FD /* Debug */ = {
			isa = XCBuildConfiguration;
			buildSettings = {
				ALWAYS_SEARCH_USER_PATHS = NO;
				CLANG_ANALYZER_NONNULL = YES;
				CLANG_ANALYZER_NUMBER_OBJECT_CONVERSION = YES_AGGRESSIVE;
				CLANG_CXX_LANGUAGE_STANDARD = "gnu++14";
				CLANG_CXX_LIBRARY = "libc++";
				CLANG_ENABLE_MODULES = YES;
				CLANG_ENABLE_OBJC_ARC = YES;
				CLANG_WARN_BLOCK_CAPTURE_AUTORELEASING = YES;
				CLANG_WARN_BOOL_CONVERSION = YES;
				CLANG_WARN_COMMA = YES;
				CLANG_WARN_CONSTANT_CONVERSION = YES;
				CLANG_WARN_DIRECT_OBJC_ISA_USAGE = YES_ERROR;
				CLANG_WARN_DOCUMENTATION_COMMENTS = YES;
				CLANG_WARN_EMPTY_BODY = YES;
				CLANG_WARN_ENUM_CONVERSION = YES;
				CLANG_WARN_INFINITE_RECURSION = YES;
				CLANG_WARN_INT_CONVERSION = YES;
				CLANG_WARN_NON_LITERAL_NULL_CONVERSION = YES;
				CLANG_WARN_OBJC_LITERAL_CONVERSION = YES;
				CLANG_WARN_OBJC_ROOT_CLASS = YES_ERROR;
				CLANG_WARN_RANGE_LOOP_ANALYSIS = YES;
				CLANG_WARN_STRICT_PROTOTYPES = YES;
				CLANG_WARN_SUSPICIOUS_MOVE = YES;
				CLANG_WARN_UNGUARDED_AVAILABILITY = YES_AGGRESSIVE;
				CLANG_WARN_UNREACHABLE_CODE = YES;
				CLANG_WARN__DUPLICATE_METHOD_MATCH = YES;
				CODE_SIGN_IDENTITY = "iPhone Developer";
				COPY_PHASE_STRIP = NO;
				DEBUG_ACTIVITY_MODE = "";
				"DEBUG_ACTIVITY_MODE[sdk=iphonesimulator*]" = default;
				DEBUG_INFORMATION_FORMAT = dwarf;
				ENABLE_STRICT_OBJC_MSGSEND = YES;
				ENABLE_TESTABILITY = YES;
				GCC_C_LANGUAGE_STANDARD = gnu11;
				GCC_DYNAMIC_NO_PIC = NO;
				GCC_NO_COMMON_BLOCKS = YES;
				GCC_OPTIMIZATION_LEVEL = 0;
				GCC_PREPROCESSOR_DEFINITIONS = (
					"DEBUG=1",
					"$(inherited)",
				);
				GCC_WARN_64_TO_32_BIT_CONVERSION = YES;
				GCC_WARN_ABOUT_RETURN_TYPE = YES_ERROR;
				GCC_WARN_UNDECLARED_SELECTOR = YES;
				GCC_WARN_UNINITIALIZED_AUTOS = YES_AGGRESSIVE;
				GCC_WARN_UNUSED_FUNCTION = YES;
				GCC_WARN_UNUSED_VARIABLE = YES;
				IPHONEOS_DEPLOYMENT_TARGET = 11.0;
				MTL_ENABLE_DEBUG_INFO = Yes;
				NEW_SETTING = "";
				ONLY_ACTIVE_ARCH = YES;
				SDKROOT = iphoneos;
				SWIFT_ACTIVE_COMPILATION_CONDITIONS = DEBUG;
				SWIFT_OPTIMIZATION_LEVEL = "-Onone";
			};
			name = Debug;
		};
		F94E7D431F83636B00F550FD /* Release */ = {
			isa = XCBuildConfiguration;
			buildSettings = {
				ALWAYS_SEARCH_USER_PATHS = NO;
				CLANG_ANALYZER_NONNULL = YES;
				CLANG_ANALYZER_NUMBER_OBJECT_CONVERSION = YES_AGGRESSIVE;
				CLANG_CXX_LANGUAGE_STANDARD = "gnu++14";
				CLANG_CXX_LIBRARY = "libc++";
				CLANG_ENABLE_MODULES = YES;
				CLANG_ENABLE_OBJC_ARC = YES;
				CLANG_WARN_BLOCK_CAPTURE_AUTORELEASING = YES;
				CLANG_WARN_BOOL_CONVERSION = YES;
				CLANG_WARN_COMMA = YES;
				CLANG_WARN_CONSTANT_CONVERSION = YES;
				CLANG_WARN_DIRECT_OBJC_ISA_USAGE = YES_ERROR;
				CLANG_WARN_DOCUMENTATION_COMMENTS = YES;
				CLANG_WARN_EMPTY_BODY = YES;
				CLANG_WARN_ENUM_CONVERSION = YES;
				CLANG_WARN_INFINITE_RECURSION = YES;
				CLANG_WARN_INT_CONVERSION = YES;
				CLANG_WARN_NON_LITERAL_NULL_CONVERSION = YES;
				CLANG_WARN_OBJC_LITERAL_CONVERSION = YES;
				CLANG_WARN_OBJC_ROOT_CLASS = YES_ERROR;
				CLANG_WARN_RANGE_LOOP_ANALYSIS = YES;
				CLANG_WARN_STRICT_PROTOTYPES = YES;
				CLANG_WARN_SUSPICIOUS_MOVE = YES;
				CLANG_WARN_UNGUARDED_AVAILABILITY = YES_AGGRESSIVE;
				CLANG_WARN_UNREACHABLE_CODE = YES;
				CLANG_WARN__DUPLICATE_METHOD_MATCH = YES;
				CODE_SIGN_IDENTITY = "iPhone Developer";
				COPY_PHASE_STRIP = NO;
				DEBUG_ACTIVITY_MODE = "";
				DEBUG_INFORMATION_FORMAT = "dwarf-with-dsym";
				ENABLE_NS_ASSERTIONS = NO;
				ENABLE_STRICT_OBJC_MSGSEND = YES;
				GCC_C_LANGUAGE_STANDARD = gnu11;
				GCC_NO_COMMON_BLOCKS = YES;
				GCC_WARN_64_TO_32_BIT_CONVERSION = YES;
				GCC_WARN_ABOUT_RETURN_TYPE = YES_ERROR;
				GCC_WARN_UNDECLARED_SELECTOR = YES;
				GCC_WARN_UNINITIALIZED_AUTOS = YES_AGGRESSIVE;
				GCC_WARN_UNUSED_FUNCTION = YES;
				GCC_WARN_UNUSED_VARIABLE = YES;
				IPHONEOS_DEPLOYMENT_TARGET = 11.0;
				MTL_ENABLE_DEBUG_INFO = NO;
				NEW_SETTING = "";
				SDKROOT = iphoneos;
				SWIFT_OPTIMIZATION_LEVEL = "-Owholemodule";
				VALIDATE_PRODUCT = YES;
			};
			name = Release;
		};
		F94E7D451F83636B00F550FD /* Debug */ = {
			isa = XCBuildConfiguration;
			baseConfigurationReference = 8887FB55CE42CC9156BD0571 /* Pods-bm.debug.xcconfig */;
			buildSettings = {
				ASSETCATALOG_COMPILER_APPICON_NAME = AppIcon;
				CLANG_ENABLE_MODULES = YES;
				CODE_SIGN_STYLE = Automatic;
				DEBUG_ACTIVITY_MODE = "";
				"DEBUG_ACTIVITY_MODE[sdk=iphonesimulator*]" = default;
				DEVELOPMENT_TEAM = BYF37727CY;
				FRAMEWORK_SEARCH_PATHS = (
					"$(inherited)",
					"$(PROJECT_DIR)",
				);
				INFOPLIST_FILE = bm/Info.plist;
				LD_RUNPATH_SEARCH_PATHS = "$(inherited) @executable_path/Frameworks";
				PRODUCT_BUNDLE_IDENTIFIER = com.sportpassword.bm;
				PRODUCT_NAME = "$(TARGET_NAME)";
				SWIFT_OBJC_BRIDGING_HEADER = "bm/Support files/bm-Bridging-Header.h";
				SWIFT_OPTIMIZATION_LEVEL = "-Onone";
				SWIFT_VERSION = 4.0;
				TARGETED_DEVICE_FAMILY = "1,2";
			};
			name = Debug;
		};
		F94E7D461F83636B00F550FD /* Release */ = {
			isa = XCBuildConfiguration;
			baseConfigurationReference = 72E3E29BA5330C6E6B9965FA /* Pods-bm.release.xcconfig */;
			buildSettings = {
				ASSETCATALOG_COMPILER_APPICON_NAME = AppIcon;
				CLANG_ENABLE_MODULES = YES;
				CODE_SIGN_STYLE = Automatic;
				DEBUG_ACTIVITY_MODE = "";
				DEVELOPMENT_TEAM = BYF37727CY;
				FRAMEWORK_SEARCH_PATHS = (
					"$(inherited)",
					"$(PROJECT_DIR)",
				);
				INFOPLIST_FILE = bm/Info.plist;
				LD_RUNPATH_SEARCH_PATHS = "$(inherited) @executable_path/Frameworks";
				PRODUCT_BUNDLE_IDENTIFIER = com.sportpassword.bm;
				PRODUCT_NAME = "$(TARGET_NAME)";
				SWIFT_OBJC_BRIDGING_HEADER = "bm/Support files/bm-Bridging-Header.h";
				SWIFT_VERSION = 4.0;
				TARGETED_DEVICE_FAMILY = "1,2";
			};
			name = Release;
		};
		F94E7D481F83636B00F550FD /* Debug */ = {
			isa = XCBuildConfiguration;
			buildSettings = {
				ALWAYS_EMBED_SWIFT_STANDARD_LIBRARIES = YES;
				BUNDLE_LOADER = "$(TEST_HOST)";
				CODE_SIGN_STYLE = Automatic;
				DEVELOPMENT_TEAM = BYF37727CY;
				INFOPLIST_FILE = bmTests/Info.plist;
				LD_RUNPATH_SEARCH_PATHS = "$(inherited) @executable_path/Frameworks @loader_path/Frameworks";
				PRODUCT_BUNDLE_IDENTIFIER = com.sportpassword.bmTests;
				PRODUCT_NAME = "$(TARGET_NAME)";
				SWIFT_VERSION = 4.0;
				TARGETED_DEVICE_FAMILY = "1,2";
				TEST_HOST = "$(BUILT_PRODUCTS_DIR)/bm.app/bm";
			};
			name = Debug;
		};
		F94E7D491F83636B00F550FD /* Release */ = {
			isa = XCBuildConfiguration;
			buildSettings = {
				ALWAYS_EMBED_SWIFT_STANDARD_LIBRARIES = YES;
				BUNDLE_LOADER = "$(TEST_HOST)";
				CODE_SIGN_STYLE = Automatic;
				DEVELOPMENT_TEAM = BYF37727CY;
				INFOPLIST_FILE = bmTests/Info.plist;
				LD_RUNPATH_SEARCH_PATHS = "$(inherited) @executable_path/Frameworks @loader_path/Frameworks";
				PRODUCT_BUNDLE_IDENTIFIER = com.sportpassword.bmTests;
				PRODUCT_NAME = "$(TARGET_NAME)";
				SWIFT_VERSION = 4.0;
				TARGETED_DEVICE_FAMILY = "1,2";
				TEST_HOST = "$(BUILT_PRODUCTS_DIR)/bm.app/bm";
			};
			name = Release;
		};
		F94E7D4B1F83636B00F550FD /* Debug */ = {
			isa = XCBuildConfiguration;
			buildSettings = {
				ALWAYS_EMBED_SWIFT_STANDARD_LIBRARIES = YES;
				CODE_SIGN_STYLE = Automatic;
				DEVELOPMENT_TEAM = BYF37727CY;
				INFOPLIST_FILE = bmUITests/Info.plist;
				LD_RUNPATH_SEARCH_PATHS = "$(inherited) @executable_path/Frameworks @loader_path/Frameworks";
				PRODUCT_BUNDLE_IDENTIFIER = com.sportpassword.bmUITests;
				PRODUCT_NAME = "$(TARGET_NAME)";
				SWIFT_VERSION = 4.0;
				TARGETED_DEVICE_FAMILY = "1,2";
				TEST_TARGET_NAME = bm;
			};
			name = Debug;
		};
		F94E7D4C1F83636B00F550FD /* Release */ = {
			isa = XCBuildConfiguration;
			buildSettings = {
				ALWAYS_EMBED_SWIFT_STANDARD_LIBRARIES = YES;
				CODE_SIGN_STYLE = Automatic;
				DEVELOPMENT_TEAM = BYF37727CY;
				INFOPLIST_FILE = bmUITests/Info.plist;
				LD_RUNPATH_SEARCH_PATHS = "$(inherited) @executable_path/Frameworks @loader_path/Frameworks";
				PRODUCT_BUNDLE_IDENTIFIER = com.sportpassword.bmUITests;
				PRODUCT_NAME = "$(TARGET_NAME)";
				SWIFT_VERSION = 4.0;
				TARGETED_DEVICE_FAMILY = "1,2";
				TEST_TARGET_NAME = bm;
			};
			name = Release;
		};
/* End XCBuildConfiguration section */

/* Begin XCConfigurationList section */
		F94E7D171F83636A00F550FD /* Build configuration list for PBXProject "bm" */ = {
			isa = XCConfigurationList;
			buildConfigurations = (
				F94E7D421F83636B00F550FD /* Debug */,
				F94E7D431F83636B00F550FD /* Release */,
			);
			defaultConfigurationIsVisible = 0;
			defaultConfigurationName = Release;
		};
		F94E7D441F83636B00F550FD /* Build configuration list for PBXNativeTarget "bm" */ = {
			isa = XCConfigurationList;
			buildConfigurations = (
				F94E7D451F83636B00F550FD /* Debug */,
				F94E7D461F83636B00F550FD /* Release */,
			);
			defaultConfigurationIsVisible = 0;
			defaultConfigurationName = Release;
		};
		F94E7D471F83636B00F550FD /* Build configuration list for PBXNativeTarget "bmTests" */ = {
			isa = XCConfigurationList;
			buildConfigurations = (
				F94E7D481F83636B00F550FD /* Debug */,
				F94E7D491F83636B00F550FD /* Release */,
			);
			defaultConfigurationIsVisible = 0;
			defaultConfigurationName = Release;
		};
		F94E7D4A1F83636B00F550FD /* Build configuration list for PBXNativeTarget "bmUITests" */ = {
			isa = XCConfigurationList;
			buildConfigurations = (
				F94E7D4B1F83636B00F550FD /* Debug */,
				F94E7D4C1F83636B00F550FD /* Release */,
			);
			defaultConfigurationIsVisible = 0;
			defaultConfigurationName = Release;
		};
/* End XCConfigurationList section */
	};
	rootObject = F94E7D141F83636A00F550FD /* Project object */;
}
